PODS:
  - VTMagic (1.2.4):
    - VTMagic/Core (= 1.2.4)
  - VTMagic/Core (1.2.4)

DEPENDENCIES:
  - VTMagic (from `./`)

EXTERNAL SOURCES:
  VTMagic:
    :path: "./"

SPEC CHECKSUMS:
  VTMagic: 4b80a9623d95783013cc583a854755c4ec6cd2a8

PODFILE CHECKSUM: 9904a30729e9a4e8ceff7f85b5976ad299be7ee4

COCOAPODS: 1.5.3
